
Microsoft Visual Studio Solution File, Format Version 12.00
# Visual Studio Version 16
VisualStudioVersion = 16.0.29123.89
MinimumVisualStudioVersion = 10.0.40219.1
Project("{FAE04EC0-301F-11D3-BF4B-00C04F79EFBC}") = "TimeWaster.Server", "TimeWaster.Server\TimeWaster.Server.csproj", "{20A6AC90-8EA9-45EA-BBF6-E933385CD1E2}"
EndProject
Project("{FAE04EC0-301F-11D3-BF4B-00C04F79EFBC}") = "TimeWaster.Client", "TimeWaster.Client\TimeWaster.Client.csproj", "{7AA5BD6C-7D38-48D9-A445-1AEA9A926170}"
EndProject
Project("{FAE04EC0-301F-11D3-BF4B-00C04F79EFBC}") = "TimeWaster.Shared", "TimeWaster.Shared\TimeWaster.Shared.csproj", "{CA819AF9-6D3B-43E6-9B37-BA6DD584D4E0}"
EndProject
Project("{2150E333-8FDC-42A3-9474-1A3956D46DE8}") = "Mobile", "Mobile", "{C7813AA8-F57B-411A-9586-023C7D714EB3}"
EndProject
Project("{FAE04EC0-301F-11D3-BF4B-00C04F79EFBC}") = "TimeWaster.Mobile.UWP", "TimeWaster.Mobile\TimeWaster.Mobile.UWP\TimeWaster.Mobile.UWP.csproj", "{BA562AEF-72C4-4E4F-8382-7EE5480F53AD}"
EndProject
Project("{FAE04EC0-301F-11D3-BF4B-00C04F79EFBC}") = "TimeWaster.Mobile.Android", "TimeWaster.Mobile\TimeWaster.Mobile.Android\TimeWaster.Mobile.Android.csproj", "{03457B4D-9796-4947-804A-E13CB354C92D}"
EndProject
Project("{FAE04EC0-301F-11D3-BF4B-00C04F79EFBC}") = "TimeWaster.Mobile.iOS", "TimeWaster.Mobile\TimeWaster.Mobile.iOS\TimeWaster.Mobile.iOS.csproj", "{3F594982-E266-415E-B67F-F79E15333E5F}"
EndProject
Project("{FAE04EC0-301F-11D3-BF4B-00C04F79EFBC}") = "TimeWaster.Mobile", "TimeWaster.Mobile\TimeWaster.Mobile\TimeWaster.Mobile.csproj", "{6C33CF8B-8292-4962-A7EE-E09CD19CA823}"
EndProject
Global
	GlobalSection(SolutionConfigurationPlatforms) = preSolution
		Debug|Any CPU = Debug|Any CPU
		Debug|ARM = Debug|ARM
		Debug|iPhone = Debug|iPhone
		Debug|iPhoneSimulator = Debug|iPhoneSimulator
		Debug|x64 = Debug|x64
		Debug|x86 = Debug|x86
		Release|Any CPU = Release|Any CPU
		Release|ARM = Release|ARM
		Release|iPhone = Release|iPhone
		Release|iPhoneSimulator = Release|iPhoneSimulator
		Release|x64 = Release|x64
		Release|x86 = Release|x86
	EndGlobalSection
	GlobalSection(ProjectConfigurationPlatforms) = postSolution
		{20A6AC90-8EA9-45EA-BBF6-E933385CD1E2}.Debug|Any CPU.ActiveCfg = Debug|Any CPU
		{20A6AC90-8EA9-45EA-BBF6-E933385CD1E2}.Debug|Any CPU.Build.0 = Debug|Any CPU
		{20A6AC90-8EA9-45EA-BBF6-E933385CD1E2}.Debug|ARM.ActiveCfg = Debug|Any CPU
		{20A6AC90-8EA9-45EA-BBF6-E933385CD1E2}.Debug|ARM.Build.0 = Debug|Any CPU
		{20A6AC90-8EA9-45EA-BBF6-E933385CD1E2}.Debug|iPhone.ActiveCfg = Debug|Any CPU
		{20A6AC90-8EA9-45EA-BBF6-E933385CD1E2}.Debug|iPhone.Build.0 = Debug|Any CPU
		{20A6AC90-8EA9-45EA-BBF6-E933385CD1E2}.Debug|iPhoneSimulator.ActiveCfg = Debug|Any CPU
		{20A6AC90-8EA9-45EA-BBF6-E933385CD1E2}.Debug|iPhoneSimulator.Build.0 = Debug|Any CPU
		{20A6AC90-8EA9-45EA-BBF6-E933385CD1E2}.Debug|x64.ActiveCfg = Debug|Any CPU
		{20A6AC90-8EA9-45EA-BBF6-E933385CD1E2}.Debug|x64.Build.0 = Debug|Any CPU
		{20A6AC90-8EA9-45EA-BBF6-E933385CD1E2}.Debug|x86.ActiveCfg = Debug|Any CPU
		{20A6AC90-8EA9-45EA-BBF6-E933385CD1E2}.Debug|x86.Build.0 = Debug|Any CPU
		{20A6AC90-8EA9-45EA-BBF6-E933385CD1E2}.Release|Any CPU.ActiveCfg = Release|Any CPU
		{20A6AC90-8EA9-45EA-BBF6-E933385CD1E2}.Release|Any CPU.Build.0 = Release|Any CPU
		{20A6AC90-8EA9-45EA-BBF6-E933385CD1E2}.Release|ARM.ActiveCfg = Release|Any CPU
		{20A6AC90-8EA9-45EA-BBF6-E933385CD1E2}.Release|ARM.Build.0 = Release|Any CPU
		{20A6AC90-8EA9-45EA-BBF6-E933385CD1E2}.Release|iPhone.ActiveCfg = Release|Any CPU
		{20A6AC90-8EA9-45EA-BBF6-E933385CD1E2}.Release|iPhone.Build.0 = Release|Any CPU
		{20A6AC90-8EA9-45EA-BBF6-E933385CD1E2}.Release|iPhoneSimulator.ActiveCfg = Release|Any CPU
		{20A6AC90-8EA9-45EA-BBF6-E933385CD1E2}.Release|iPhoneSimulator.Build.0 = Release|Any CPU
		{20A6AC90-8EA9-45EA-BBF6-E933385CD1E2}.Release|x64.ActiveCfg = Release|Any CPU
		{20A6AC90-8EA9-45EA-BBF6-E933385CD1E2}.Release|x64.Build.0 = Release|Any CPU
		{20A6AC90-8EA9-45EA-BBF6-E933385CD1E2}.Release|x86.ActiveCfg = Release|Any CPU
		{20A6AC90-8EA9-45EA-BBF6-E933385CD1E2}.Release|x86.Build.0 = Release|Any CPU
		{7AA5BD6C-7D38-48D9-A445-1AEA9A926170}.Debug|Any CPU.ActiveCfg = Debug|Any CPU
		{7AA5BD6C-7D38-48D9-A445-1AEA9A926170}.Debug|Any CPU.Build.0 = Debug|Any CPU
		{7AA5BD6C-7D38-48D9-A445-1AEA9A926170}.Debug|ARM.ActiveCfg = Debug|Any CPU
		{7AA5BD6C-7D38-48D9-A445-1AEA9A926170}.Debug|ARM.Build.0 = Debug|Any CPU
		{7AA5BD6C-7D38-48D9-A445-1AEA9A926170}.Debug|iPhone.ActiveCfg = Debug|Any CPU
		{7AA5BD6C-7D38-48D9-A445-1AEA9A926170}.Debug|iPhone.Build.0 = Debug|Any CPU
		{7AA5BD6C-7D38-48D9-A445-1AEA9A926170}.Debug|iPhoneSimulator.ActiveCfg = Debug|Any CPU
		{7AA5BD6C-7D38-48D9-A445-1AEA9A926170}.Debug|iPhoneSimulator.Build.0 = Debug|Any CPU
		{7AA5BD6C-7D38-48D9-A445-1AEA9A926170}.Debug|x64.ActiveCfg = Debug|Any CPU
		{7AA5BD6C-7D38-48D9-A445-1AEA9A926170}.Debug|x64.Build.0 = Debug|Any CPU
		{7AA5BD6C-7D38-48D9-A445-1AEA9A926170}.Debug|x86.ActiveCfg = Debug|Any CPU
		{7AA5BD6C-7D38-48D9-A445-1AEA9A926170}.Debug|x86.Build.0 = Debug|Any CPU
		{7AA5BD6C-7D38-48D9-A445-1AEA9A926170}.Release|Any CPU.ActiveCfg = Release|Any CPU
		{7AA5BD6C-7D38-48D9-A445-1AEA9A926170}.Release|Any CPU.Build.0 = Release|Any CPU
		{7AA5BD6C-7D38-48D9-A445-1AEA9A926170}.Release|ARM.ActiveCfg = Release|Any CPU
		{7AA5BD6C-7D38-48D9-A445-1AEA9A926170}.Release|ARM.Build.0 = Release|Any CPU
		{7AA5BD6C-7D38-48D9-A445-1AEA9A926170}.Release|iPhone.ActiveCfg = Release|Any CPU
		{7AA5BD6C-7D38-48D9-A445-1AEA9A926170}.Release|iPhone.Build.0 = Release|Any CPU
		{7AA5BD6C-7D38-48D9-A445-1AEA9A926170}.Release|iPhoneSimulator.ActiveCfg = Release|Any CPU
		{7AA5BD6C-7D38-48D9-A445-1AEA9A926170}.Release|iPhoneSimulator.Build.0 = Release|Any CPU
		{7AA5BD6C-7D38-48D9-A445-1AEA9A926170}.Release|x64.ActiveCfg = Release|Any CPU
		{7AA5BD6C-7D38-48D9-A445-1AEA9A926170}.Release|x64.Build.0 = Release|Any CPU
		{7AA5BD6C-7D38-48D9-A445-1AEA9A926170}.Release|x86.ActiveCfg = Release|Any CPU
		{7AA5BD6C-7D38-48D9-A445-1AEA9A926170}.Release|x86.Build.0 = Release|Any CPU
		{CA819AF9-6D3B-43E6-9B37-BA6DD584D4E0}.Debug|Any CPU.ActiveCfg = Debug|Any CPU
		{CA819AF9-6D3B-43E6-9B37-BA6DD584D4E0}.Debug|Any CPU.Build.0 = Debug|Any CPU
		{CA819AF9-6D3B-43E6-9B37-BA6DD584D4E0}.Debug|ARM.ActiveCfg = Debug|Any CPU
		{CA819AF9-6D3B-43E6-9B37-BA6DD584D4E0}.Debug|ARM.Build.0 = Debug|Any CPU
		{CA819AF9-6D3B-43E6-9B37-BA6DD584D4E0}.Debug|iPhone.ActiveCfg = Debug|Any CPU
		{CA819AF9-6D3B-43E6-9B37-BA6DD584D4E0}.Debug|iPhone.Build.0 = Debug|Any CPU
		{CA819AF9-6D3B-43E6-9B37-BA6DD584D4E0}.Debug|iPhoneSimulator.ActiveCfg = Debug|Any CPU
		{CA819AF9-6D3B-43E6-9B37-BA6DD584D4E0}.Debug|iPhoneSimulator.Build.0 = Debug|Any CPU
		{CA819AF9-6D3B-43E6-9B37-BA6DD584D4E0}.Debug|x64.ActiveCfg = Debug|Any CPU
		{CA819AF9-6D3B-43E6-9B37-BA6DD584D4E0}.Debug|x64.Build.0 = Debug|Any CPU
		{CA819AF9-6D3B-43E6-9B37-BA6DD584D4E0}.Debug|x86.ActiveCfg = Debug|Any CPU
		{CA819AF9-6D3B-43E6-9B37-BA6DD584D4E0}.Debug|x86.Build.0 = Debug|Any CPU
		{CA819AF9-6D3B-43E6-9B37-BA6DD584D4E0}.Release|Any CPU.ActiveCfg = Release|Any CPU
		{CA819AF9-6D3B-43E6-9B37-BA6DD584D4E0}.Release|Any CPU.Build.0 = Release|Any CPU
		{CA819AF9-6D3B-43E6-9B37-BA6DD584D4E0}.Release|ARM.ActiveCfg = Release|Any CPU
		{CA819AF9-6D3B-43E6-9B37-BA6DD584D4E0}.Release|ARM.Build.0 = Release|Any CPU
		{CA819AF9-6D3B-43E6-9B37-BA6DD584D4E0}.Release|iPhone.ActiveCfg = Release|Any CPU
		{CA819AF9-6D3B-43E6-9B37-BA6DD584D4E0}.Release|iPhone.Build.0 = Release|Any CPU
		{CA819AF9-6D3B-43E6-9B37-BA6DD584D4E0}.Release|iPhoneSimulator.ActiveCfg = Release|Any CPU
		{CA819AF9-6D3B-43E6-9B37-BA6DD584D4E0}.Release|iPhoneSimulator.Build.0 = Release|Any CPU
		{CA819AF9-6D3B-43E6-9B37-BA6DD584D4E0}.Release|x64.ActiveCfg = Release|Any CPU
		{CA819AF9-6D3B-43E6-9B37-BA6DD584D4E0}.Release|x64.Build.0 = Release|Any CPU
		{CA819AF9-6D3B-43E6-9B37-BA6DD584D4E0}.Release|x86.ActiveCfg = Release|Any CPU
		{CA819AF9-6D3B-43E6-9B37-BA6DD584D4E0}.Release|x86.Build.0 = Release|Any CPU
		{BA562AEF-72C4-4E4F-8382-7EE5480F53AD}.Debug|Any CPU.ActiveCfg = Debug|x86
		{BA562AEF-72C4-4E4F-8382-7EE5480F53AD}.Debug|ARM.ActiveCfg = Debug|ARM
		{BA562AEF-72C4-4E4F-8382-7EE5480F53AD}.Debug|ARM.Build.0 = Debug|ARM
		{BA562AEF-72C4-4E4F-8382-7EE5480F53AD}.Debug|ARM.Deploy.0 = Debug|ARM
		{BA562AEF-72C4-4E4F-8382-7EE5480F53AD}.Debug|iPhone.ActiveCfg = Debug|x86
		{BA562AEF-72C4-4E4F-8382-7EE5480F53AD}.Debug|iPhoneSimulator.ActiveCfg = Debug|x86
		{BA562AEF-72C4-4E4F-8382-7EE5480F53AD}.Debug|x64.ActiveCfg = Debug|x64
		{BA562AEF-72C4-4E4F-8382-7EE5480F53AD}.Debug|x64.Build.0 = Debug|x64
		{BA562AEF-72C4-4E4F-8382-7EE5480F53AD}.Debug|x64.Deploy.0 = Debug|x64
		{BA562AEF-72C4-4E4F-8382-7EE5480F53AD}.Debug|x86.ActiveCfg = Debug|x86
		{BA562AEF-72C4-4E4F-8382-7EE5480F53AD}.Debug|x86.Build.0 = Debug|x86
		{BA562AEF-72C4-4E4F-8382-7EE5480F53AD}.Debug|x86.Deploy.0 = Debug|x86
		{BA562AEF-72C4-4E4F-8382-7EE5480F53AD}.Release|Any CPU.ActiveCfg = Release|x86
		{BA562AEF-72C4-4E4F-8382-7EE5480F53AD}.Release|ARM.ActiveCfg = Release|ARM
		{BA562AEF-72C4-4E4F-8382-7EE5480F53AD}.Release|ARM.Build.0 = Release|ARM
		{BA562AEF-72C4-4E4F-8382-7EE5480F53AD}.Release|ARM.Deploy.0 = Release|ARM
		{BA562AEF-72C4-4E4F-8382-7EE5480F53AD}.Release|iPhone.ActiveCfg = Release|x86
		{BA562AEF-72C4-4E4F-8382-7EE5480F53AD}.Release|iPhoneSimulator.ActiveCfg = Release|x86
		{BA562AEF-72C4-4E4F-8382-7EE5480F53AD}.Release|x64.ActiveCfg = Release|x64
		{BA562AEF-72C4-4E4F-8382-7EE5480F53AD}.Release|x64.Build.0 = Release|x64
		{BA562AEF-72C4-4E4F-8382-7EE5480F53AD}.Release|x64.Deploy.0 = Release|x64
		{BA562AEF-72C4-4E4F-8382-7EE5480F53AD}.Release|x86.ActiveCfg = Release|x86
		{BA562AEF-72C4-4E4F-8382-7EE5480F53AD}.Release|x86.Build.0 = Release|x86
		{BA562AEF-72C4-4E4F-8382-7EE5480F53AD}.Release|x86.Deploy.0 = Release|x86
		{03457B4D-9796-4947-804A-E13CB354C92D}.Debug|Any CPU.ActiveCfg = Debug|Any CPU
		{03457B4D-9796-4947-804A-E13CB354C92D}.Debug|Any CPU.Build.0 = Debug|Any CPU
		{03457B4D-9796-4947-804A-E13CB354C92D}.Debug|Any CPU.Deploy.0 = Debug|Any CPU
		{03457B4D-9796-4947-804A-E13CB354C92D}.Debug|ARM.ActiveCfg = Debug|Any CPU
		{03457B4D-9796-4947-804A-E13CB354C92D}.Debug|ARM.Build.0 = Debug|Any CPU
		{03457B4D-9796-4947-804A-E13CB354C92D}.Debug|ARM.Deploy.0 = Debug|Any CPU
		{03457B4D-9796-4947-804A-E13CB354C92D}.Debug|iPhone.ActiveCfg = Debug|Any CPU
		{03457B4D-9796-4947-804A-E13CB354C92D}.Debug|iPhone.Build.0 = Debug|Any CPU
		{03457B4D-9796-4947-804A-E13CB354C92D}.Debug|iPhone.Deploy.0 = Debug|Any CPU
		{03457B4D-9796-4947-804A-E13CB354C92D}.Debug|iPhoneSimulator.ActiveCfg = Debug|Any CPU
		{03457B4D-9796-4947-804A-E13CB354C92D}.Debug|iPhoneSimulator.Build.0 = Debug|Any CPU
		{03457B4D-9796-4947-804A-E13CB354C92D}.Debug|iPhoneSimulator.Deploy.0 = Debug|Any CPU
		{03457B4D-9796-4947-804A-E13CB354C92D}.Debug|x64.ActiveCfg = Debug|Any CPU
		{03457B4D-9796-4947-804A-E13CB354C92D}.Debug|x64.Build.0 = Debug|Any CPU
		{03457B4D-9796-4947-804A-E13CB354C92D}.Debug|x64.Deploy.0 = Debug|Any CPU
		{03457B4D-9796-4947-804A-E13CB354C92D}.Debug|x86.ActiveCfg = Debug|Any CPU
		{03457B4D-9796-4947-804A-E13CB354C92D}.Debug|x86.Build.0 = Debug|Any CPU
		{03457B4D-9796-4947-804A-E13CB354C92D}.Debug|x86.Deploy.0 = Debug|Any CPU
		{03457B4D-9796-4947-804A-E13CB354C92D}.Release|Any CPU.ActiveCfg = Release|Any CPU
		{03457B4D-9796-4947-804A-E13CB354C92D}.Release|Any CPU.Build.0 = Release|Any CPU
		{03457B4D-9796-4947-804A-E13CB354C92D}.Release|Any CPU.Deploy.0 = Release|Any CPU
		{03457B4D-9796-4947-804A-E13CB354C92D}.Release|ARM.ActiveCfg = Release|Any CPU
		{03457B4D-9796-4947-804A-E13CB354C92D}.Release|ARM.Build.0 = Release|Any CPU
		{03457B4D-9796-4947-804A-E13CB354C92D}.Release|ARM.Deploy.0 = Release|Any CPU
		{03457B4D-9796-4947-804A-E13CB354C92D}.Release|iPhone.ActiveCfg = Release|Any CPU
		{03457B4D-9796-4947-804A-E13CB354C92D}.Release|iPhone.Build.0 = Release|Any CPU
		{03457B4D-9796-4947-804A-E13CB354C92D}.Release|iPhone.Deploy.0 = Release|Any CPU
		{03457B4D-9796-4947-804A-E13CB354C92D}.Release|iPhoneSimulator.ActiveCfg = Release|Any CPU
		{03457B4D-9796-4947-804A-E13CB354C92D}.Release|iPhoneSimulator.Build.0 = Release|Any CPU
		{03457B4D-9796-4947-804A-E13CB354C92D}.Release|iPhoneSimulator.Deploy.0 = Release|Any CPU
		{03457B4D-9796-4947-804A-E13CB354C92D}.Release|x64.ActiveCfg = Release|Any CPU
		{03457B4D-9796-4947-804A-E13CB354C92D}.Release|x64.Build.0 = Release|Any CPU
		{03457B4D-9796-4947-804A-E13CB354C92D}.Release|x64.Deploy.0 = Release|Any CPU
		{03457B4D-9796-4947-804A-E13CB354C92D}.Release|x86.ActiveCfg = Release|Any CPU
		{03457B4D-9796-4947-804A-E13CB354C92D}.Release|x86.Build.0 = Release|Any CPU
		{03457B4D-9796-4947-804A-E13CB354C92D}.Release|x86.Deploy.0 = Release|Any CPU
		{3F594982-E266-415E-B67F-F79E15333E5F}.Debug|Any CPU.ActiveCfg = Debug|iPhone
		{3F594982-E266-415E-B67F-F79E15333E5F}.Debug|ARM.ActiveCfg = Debug|iPhone
		{3F594982-E266-415E-B67F-F79E15333E5F}.Debug|iPhone.ActiveCfg = Debug|iPhone
		{3F594982-E266-415E-B67F-F79E15333E5F}.Debug|iPhone.Build.0 = Debug|iPhone
		{3F594982-E266-415E-B67F-F79E15333E5F}.Debug|iPhoneSimulator.ActiveCfg = Debug|iPhoneSimulator
		{3F594982-E266-415E-B67F-F79E15333E5F}.Debug|iPhoneSimulator.Build.0 = Debug|iPhoneSimulator
		{3F594982-E266-415E-B67F-F79E15333E5F}.Debug|x64.ActiveCfg = Debug|iPhone
		{3F594982-E266-415E-B67F-F79E15333E5F}.Debug|x86.ActiveCfg = Debug|iPhone
		{3F594982-E266-415E-B67F-F79E15333E5F}.Release|Any CPU.ActiveCfg = Release|iPhone
		{3F594982-E266-415E-B67F-F79E15333E5F}.Release|ARM.ActiveCfg = Release|iPhone
		{3F594982-E266-415E-B67F-F79E15333E5F}.Release|iPhone.ActiveCfg = Release|iPhone
		{3F594982-E266-415E-B67F-F79E15333E5F}.Release|iPhone.Build.0 = Release|iPhone
		{3F594982-E266-415E-B67F-F79E15333E5F}.Release|iPhoneSimulator.ActiveCfg = Release|iPhoneSimulator
		{3F594982-E266-415E-B67F-F79E15333E5F}.Release|iPhoneSimulator.Build.0 = Release|iPhoneSimulator
		{3F594982-E266-415E-B67F-F79E15333E5F}.Release|x64.ActiveCfg = Release|iPhone
		{3F594982-E266-415E-B67F-F79E15333E5F}.Release|x86.ActiveCfg = Release|iPhone
		{6C33CF8B-8292-4962-A7EE-E09CD19CA823}.Debug|Any CPU.ActiveCfg = Debug|Any CPU
		{6C33CF8B-8292-4962-A7EE-E09CD19CA823}.Debug|Any CPU.Build.0 = Debug|Any CPU
		{6C33CF8B-8292-4962-A7EE-E09CD19CA823}.Debug|ARM.ActiveCfg = Debug|Any CPU
		{6C33CF8B-8292-4962-A7EE-E09CD19CA823}.Debug|ARM.Build.0 = Debug|Any CPU
		{6C33CF8B-8292-4962-A7EE-E09CD19CA823}.Debug|iPhone.ActiveCfg = Debug|Any CPU
		{6C33CF8B-8292-4962-A7EE-E09CD19CA823}.Debug|iPhone.Build.0 = Debug|Any CPU
		{6C33CF8B-8292-4962-A7EE-E09CD19CA823}.Debug|iPhoneSimulator.ActiveCfg = Debug|Any CPU
		{6C33CF8B-8292-4962-A7EE-E09CD19CA823}.Debug|iPhoneSimulator.Build.0 = Debug|Any CPU
		{6C33CF8B-8292-4962-A7EE-E09CD19CA823}.Debug|x64.ActiveCfg = Debug|Any CPU
		{6C33CF8B-8292-4962-A7EE-E09CD19CA823}.Debug|x64.Build.0 = Debug|Any CPU
		{6C33CF8B-8292-4962-A7EE-E09CD19CA823}.Debug|x86.ActiveCfg = Debug|Any CPU
		{6C33CF8B-8292-4962-A7EE-E09CD19CA823}.Debug|x86.Build.0 = Debug|Any CPU
		{6C33CF8B-8292-4962-A7EE-E09CD19CA823}.Release|Any CPU.ActiveCfg = Release|Any CPU
		{6C33CF8B-8292-4962-A7EE-E09CD19CA823}.Release|Any CPU.Build.0 = Release|Any CPU
		{6C33CF8B-8292-4962-A7EE-E09CD19CA823}.Release|ARM.ActiveCfg = Release|Any CPU
		{6C33CF8B-8292-4962-A7EE-E09CD19CA823}.Release|ARM.Build.0 = Release|Any CPU
		{6C33CF8B-8292-4962-A7EE-E09CD19CA823}.Release|iPhone.ActiveCfg = Release|Any CPU
		{6C33CF8B-8292-4962-A7EE-E09CD19CA823}.Release|iPhone.Build.0 = Release|Any CPU
		{6C33CF8B-8292-4962-A7EE-E09CD19CA823}.Release|iPhoneSimulator.ActiveCfg = Release|Any CPU
		{6C33CF8B-8292-4962-A7EE-E09CD19CA823}.Release|iPhoneSimulator.Build.0 = Release|Any CPU
		{6C33CF8B-8292-4962-A7EE-E09CD19CA823}.Release|x64.ActiveCfg = Release|Any CPU
		{6C33CF8B-8292-4962-A7EE-E09CD19CA823}.Release|x64.Build.0 = Release|Any CPU
		{6C33CF8B-8292-4962-A7EE-E09CD19CA823}.Release|x86.ActiveCfg = Release|Any CPU
		{6C33CF8B-8292-4962-A7EE-E09CD19CA823}.Release|x86.Build.0 = Release|Any CPU
	EndGlobalSection
	GlobalSection(SolutionProperties) = preSolution
		HideSolutionNode = FALSE
	EndGlobalSection
	GlobalSection(NestedProjects) = preSolution
		{BA562AEF-72C4-4E4F-8382-7EE5480F53AD} = {C7813AA8-F57B-411A-9586-023C7D714EB3}
		{03457B4D-9796-4947-804A-E13CB354C92D} = {C7813AA8-F57B-411A-9586-023C7D714EB3}
		{3F594982-E266-415E-B67F-F79E15333E5F} = {C7813AA8-F57B-411A-9586-023C7D714EB3}
		{6C33CF8B-8292-4962-A7EE-E09CD19CA823} = {C7813AA8-F57B-411A-9586-023C7D714EB3}
	EndGlobalSection
	GlobalSection(ExtensibilityGlobals) = postSolution
		SolutionGuid = {1E0B4A00-66FA-4D5D-83DB-D903DF9EDDFE}
	EndGlobalSection
EndGlobal
